
Microsoft Visual Studio Solution File, Format Version 12.00
# Visual Studio Version 17
VisualStudioVersion = 17.7.34009.444
MinimumVisualStudioVersion = 10.0.40219.1
Project("{FAE04EC0-301F-11D3-BF4B-00C04F79EFBC}") = "School", "School\School.csproj", "{5A1B881F-6DB5-4743-A66A-B5C49779EC2D}"
EndProject
Project("{FAE04EC0-301F-11D3-BF4B-00C04F79EFBC}") = "SchoolTests", "SchoolTests\SchoolTests.csproj", "{B4905A2F-CE5F-4170-8555-0193368EE08D}"
EndProject
Global
	GlobalSection(SolutionConfigurationPlatforms) = preSolution
		Debug|Any CPU = Debug|Any CPU
		Release|Any CPU = Release|Any CPU
	EndGlobalSection
	GlobalSection(ProjectConfigurationPlatforms) = postSolution
		{5A1B881F-6DB5-4743-A66A-B5C49779EC2D}.Debug|Any CPU.ActiveCfg = Debug|Any CPU
		{5A1B881F-6DB5-4743-A66A-B5C49779EC2D}.Debug|Any CPU.Build.0 = Debug|Any CPU
		{5A1B881F-6DB5-4743-A66A-B5C49779EC2D}.Release|Any CPU.ActiveCfg = Release|Any CPU
		{5A1B881F-6DB5-4743-A66A-B5C49779EC2D}.Release|Any CPU.Build.0 = Release|Any CPU
		{B4905A2F-CE5F-4170-8555-0193368EE08D}.Debug|Any CPU.ActiveCfg = Debug|Any CPU
		{B4905A2F-CE5F-4170-8555-0193368EE08D}.Debug|Any CPU.Build.0 = Debug|Any CPU
		{B4905A2F-CE5F-4170-8555-0193368EE08D}.Release|Any CPU.ActiveCfg = Release|Any CPU
		{B4905A2F-CE5F-4170-8555-0193368EE08D}.Release|Any CPU.Build.0 = Release|Any CPU
	EndGlobalSection
	GlobalSection(SolutionProperties) = preSolution
		HideSolutionNode = FALSE
	EndGlobalSection
	GlobalSection(ExtensibilityGlobals) = postSolution
		SolutionGuid = {196240B3-91C2-491E-948D-4A29EB0951DB}
	EndGlobalSection
EndGlobal
